// !$*UTF8*$!
{
	archiveVersion = 1;
	classes = {
	};
	objectVersion = 70;
	objects = {

/* Begin PBXBuildFile section */
		034052BE2CDC060A006D56DA /* MyPageView.swift in Sources */ = {isa = PBXBuildFile; fileRef = 034052BD2CDC0604006D56DA /* MyPageView.swift */; };
		034052C02CDC0EB3006D56DA /* MyPageViewController.swift in Sources */ = {isa = PBXBuildFile; fileRef = 034052BF2CDC0EAC006D56DA /* MyPageViewController.swift */; };
		034052C22CDC13DB006D56DA /* HomeViewController.swift in Sources */ = {isa = PBXBuildFile; fileRef = 034052C12CDC13D2006D56DA /* HomeViewController.swift */; };
		034052C42CDC1429006D56DA /* StyleViewController.swift in Sources */ = {isa = PBXBuildFile; fileRef = 034052C32CDC1421006D56DA /* StyleViewController.swift */; };
		034052C62CDC149C006D56DA /* BaseViewController.swift in Sources */ = {isa = PBXBuildFile; fileRef = 034052C52CDC149C006D56DA /* BaseViewController.swift */; };
		034052C82CDC1685006D56DA /* ShopViewController.swift in Sources */ = {isa = PBXBuildFile; fileRef = 034052C72CDC1685006D56DA /* ShopViewController.swift */; };
		034052CC2CDC16A7006D56DA /* SavedViewController.swift in Sources */ = {isa = PBXBuildFile; fileRef = 034052CB2CDC16A7006D56DA /* SavedViewController.swift */; };
		034052CE2CDC37E7006D56DA /* EditProfileViewController.swift in Sources */ = {isa = PBXBuildFile; fileRef = 034052CD2CDC37E7006D56DA /* EditProfileViewController.swift */; };
		034052D02CDC385F006D56DA /* EditProfileView.swift in Sources */ = {isa = PBXBuildFile; fileRef = 034052CF2CDC385F006D56DA /* EditProfileView.swift */; };
		034052F52CDC4277006D56DA /* SavedView.swift in Sources */ = {isa = PBXBuildFile; fileRef = 034052F42CDC4277006D56DA /* SavedView.swift */; };
		034052FB2CDC4310006D56DA /* GoodsModel.swift in Sources */ = {isa = PBXBuildFile; fileRef = 034052FA2CDC430C006D56DA /* GoodsModel.swift */; };
		80384E9D2CA3C0AA005BDEA6 /* AppDelegate.swift in Sources */ = {isa = PBXBuildFile; fileRef = 80384E9C2CA3C0AA005BDEA6 /* AppDelegate.swift */; };
		80384E9F2CA3C0AA005BDEA6 /* SceneDelegate.swift in Sources */ = {isa = PBXBuildFile; fileRef = 80384E9E2CA3C0AA005BDEA6 /* SceneDelegate.swift */; };
		80384EA12CA3C0AA005BDEA6 /* LoginViewController.swift in Sources */ = {isa = PBXBuildFile; fileRef = 80384EA02CA3C0AA005BDEA6 /* LoginViewController.swift */; };
		80384EA62CA3C0AC005BDEA6 /* Assets.xcassets in Resources */ = {isa = PBXBuildFile; fileRef = 80384EA52CA3C0AC005BDEA6 /* Assets.xcassets */; };
		80384EB22CA3C11E005BDEA6 /* LoginModel.swift in Sources */ = {isa = PBXBuildFile; fileRef = 80384EB12CA3C11E005BDEA6 /* LoginModel.swift */; };
		80384EB52CA3C14D005BDEA6 /* LoginView.swift in Sources */ = {isa = PBXBuildFile; fileRef = 80384EB42CA3C14D005BDEA6 /* LoginView.swift */; };
		CF90942A5381D5BFEBCFF895 /* Pods_UMC_iOS_KREAM.framework in Frameworks */ = {isa = PBXBuildFile; fileRef = ADC8BB9D2376B3246E650D6E /* Pods_UMC_iOS_KREAM.framework */; };
/* End PBXBuildFile section */

/* Begin PBXFileReference section */
		034052BD2CDC0604006D56DA /* MyPageView.swift */ = {isa = PBXFileReference; lastKnownFileType = sourcecode.swift; path = MyPageView.swift; sourceTree = "<group>"; };
		034052BF2CDC0EAC006D56DA /* MyPageViewController.swift */ = {isa = PBXFileReference; lastKnownFileType = sourcecode.swift; path = MyPageViewController.swift; sourceTree = "<group>"; };
		034052C12CDC13D2006D56DA /* HomeViewController.swift */ = {isa = PBXFileReference; lastKnownFileType = sourcecode.swift; path = HomeViewController.swift; sourceTree = "<group>"; };
		034052C32CDC1421006D56DA /* StyleViewController.swift */ = {isa = PBXFileReference; lastKnownFileType = sourcecode.swift; path = StyleViewController.swift; sourceTree = "<group>"; };
		034052C52CDC149C006D56DA /* BaseViewController.swift */ = {isa = PBXFileReference; lastKnownFileType = sourcecode.swift; path = BaseViewController.swift; sourceTree = "<group>"; };
		034052C72CDC1685006D56DA /* ShopViewController.swift */ = {isa = PBXFileReference; lastKnownFileType = sourcecode.swift; path = ShopViewController.swift; sourceTree = "<group>"; };
		034052CB2CDC16A7006D56DA /* SavedViewController.swift */ = {isa = PBXFileReference; lastKnownFileType = sourcecode.swift; path = SavedViewController.swift; sourceTree = "<group>"; };
		034052CD2CDC37E7006D56DA /* EditProfileViewController.swift */ = {isa = PBXFileReference; lastKnownFileType = sourcecode.swift; path = EditProfileViewController.swift; sourceTree = "<group>"; };
		034052CF2CDC385F006D56DA /* EditProfileView.swift */ = {isa = PBXFileReference; lastKnownFileType = sourcecode.swift; path = EditProfileView.swift; sourceTree = "<group>"; };
		034052F42CDC4277006D56DA /* SavedView.swift */ = {isa = PBXFileReference; lastKnownFileType = sourcecode.swift; path = SavedView.swift; sourceTree = "<group>"; };
		034052FA2CDC430C006D56DA /* GoodsModel.swift */ = {isa = PBXFileReference; lastKnownFileType = sourcecode.swift; path = GoodsModel.swift; sourceTree = "<group>"; };
		0DE193E42E13CE78EA532668 /* Pods-UMC-iOS-KREAM.release.xcconfig */ = {isa = PBXFileReference; includeInIndex = 1; lastKnownFileType = text.xcconfig; name = "Pods-UMC-iOS-KREAM.release.xcconfig"; path = "Target Support Files/Pods-UMC-iOS-KREAM/Pods-UMC-iOS-KREAM.release.xcconfig"; sourceTree = "<group>"; };
		80384E992CA3C0AA005BDEA6 /* UMC-iOS-KREAM.app */ = {isa = PBXFileReference; explicitFileType = wrapper.application; includeInIndex = 0; path = "UMC-iOS-KREAM.app"; sourceTree = BUILT_PRODUCTS_DIR; };
		80384E9C2CA3C0AA005BDEA6 /* AppDelegate.swift */ = {isa = PBXFileReference; lastKnownFileType = sourcecode.swift; path = AppDelegate.swift; sourceTree = "<group>"; };
		80384E9E2CA3C0AA005BDEA6 /* SceneDelegate.swift */ = {isa = PBXFileReference; lastKnownFileType = sourcecode.swift; path = SceneDelegate.swift; sourceTree = "<group>"; };
		80384EA02CA3C0AA005BDEA6 /* LoginViewController.swift */ = {isa = PBXFileReference; lastKnownFileType = sourcecode.swift; path = LoginViewController.swift; sourceTree = "<group>"; };
		80384EA52CA3C0AC005BDEA6 /* Assets.xcassets */ = {isa = PBXFileReference; lastKnownFileType = folder.assetcatalog; path = Assets.xcassets; sourceTree = "<group>"; };
		80384EAA2CA3C0AC005BDEA6 /* Info.plist */ = {isa = PBXFileReference; lastKnownFileType = text.plist.xml; path = Info.plist; sourceTree = "<group>"; };
		80384EB12CA3C11E005BDEA6 /* LoginModel.swift */ = {isa = PBXFileReference; lastKnownFileType = sourcecode.swift; path = LoginModel.swift; sourceTree = "<group>"; };
		80384EB42CA3C14D005BDEA6 /* LoginView.swift */ = {isa = PBXFileReference; lastKnownFileType = sourcecode.swift; path = LoginView.swift; sourceTree = "<group>"; };
		ADC8BB9D2376B3246E650D6E /* Pods_UMC_iOS_KREAM.framework */ = {isa = PBXFileReference; explicitFileType = wrapper.framework; includeInIndex = 0; path = Pods_UMC_iOS_KREAM.framework; sourceTree = BUILT_PRODUCTS_DIR; };
		DEDAB33EE06DB7FCD65B803F /* Pods-UMC-iOS-KREAM.debug.xcconfig */ = {isa = PBXFileReference; includeInIndex = 1; lastKnownFileType = text.xcconfig; name = "Pods-UMC-iOS-KREAM.debug.xcconfig"; path = "Target Support Files/Pods-UMC-iOS-KREAM/Pods-UMC-iOS-KREAM.debug.xcconfig"; sourceTree = "<group>"; };
/* End PBXFileReference section */

/* Begin PBXFileSystemSynchronizedRootGroup section */
		034052D12CDC3990006D56DA /* Assets */ = {isa = PBXFileSystemSynchronizedRootGroup; explicitFileTypes = {}; explicitFolders = (); path = Assets; sourceTree = "<group>"; };
		034052F62CDC42C6006D56DA /* Cell */ = {isa = PBXFileSystemSynchronizedRootGroup; explicitFileTypes = {}; explicitFolders = (); path = Cell; sourceTree = "<group>"; };
/* End PBXFileSystemSynchronizedRootGroup section */

/* Begin PBXFrameworksBuildPhase section */
		80384E962CA3C0AA005BDEA6 /* Frameworks */ = {
			isa = PBXFrameworksBuildPhase;
			buildActionMask = 2147483647;
			files = (
				CF90942A5381D5BFEBCFF895 /* Pods_UMC_iOS_KREAM.framework in Frameworks */,
			);
			runOnlyForDeploymentPostprocessing = 0;
		};
/* End PBXFrameworksBuildPhase section */

/* Begin PBXGroup section */
		56618A5027E761F2F9FC570D /* Frameworks */ = {
			isa = PBXGroup;
			children = (
				ADC8BB9D2376B3246E650D6E /* Pods_UMC_iOS_KREAM.framework */,
			);
			name = Frameworks;
			sourceTree = "<group>";
		};
		5F3CC509D0627C4E254FFE09 /* Pods */ = {
			isa = PBXGroup;
			children = (
				DEDAB33EE06DB7FCD65B803F /* Pods-UMC-iOS-KREAM.debug.xcconfig */,
				0DE193E42E13CE78EA532668 /* Pods-UMC-iOS-KREAM.release.xcconfig */,
			);
			path = Pods;
			sourceTree = "<group>";
		};
		80384E902CA3C0AA005BDEA6 = {
			isa = PBXGroup;
			children = (
				80384E9B2CA3C0AA005BDEA6 /* UMC-iOS-KREAM */,
				80384E9A2CA3C0AA005BDEA6 /* Products */,
				5F3CC509D0627C4E254FFE09 /* Pods */,
				56618A5027E761F2F9FC570D /* Frameworks */,
			);
			sourceTree = "<group>";
		};
		80384E9A2CA3C0AA005BDEA6 /* Products */ = {
			isa = PBXGroup;
			children = (
				80384E992CA3C0AA005BDEA6 /* UMC-iOS-KREAM.app */,
			);
			name = Products;
			sourceTree = "<group>";
		};
		80384E9B2CA3C0AA005BDEA6 /* UMC-iOS-KREAM */ = {
			isa = PBXGroup;
			children = (
				034052F62CDC42C6006D56DA /* Cell */,
				034052D12CDC3990006D56DA /* Assets */,
				80384EB62CA3C156005BDEA6 /* ViewControllers */,
				80384EB32CA3C12E005BDEA6 /* Views */,
				80384EB02CA3C108005BDEA6 /* Models */,
				80384E9C2CA3C0AA005BDEA6 /* AppDelegate.swift */,
				80384E9E2CA3C0AA005BDEA6 /* SceneDelegate.swift */,
				80384EA52CA3C0AC005BDEA6 /* Assets.xcassets */,
				80384EAA2CA3C0AC005BDEA6 /* Info.plist */,
			);
			path = "UMC-iOS-KREAM";
			sourceTree = "<group>";
		};
		80384EB02CA3C108005BDEA6 /* Models */ = {
			isa = PBXGroup;
			children = (
				034052FA2CDC430C006D56DA /* GoodsModel.swift */,
				80384EB12CA3C11E005BDEA6 /* LoginModel.swift */,
			);
			path = Models;
			sourceTree = "<group>";
		};
		80384EB32CA3C12E005BDEA6 /* Views */ = {
			isa = PBXGroup;
			children = (
				80384EB42CA3C14D005BDEA6 /* LoginView.swift */,
				034052F42CDC4277006D56DA /* SavedView.swift */,
				034052BD2CDC0604006D56DA /* MyPageView.swift */,
				034052CF2CDC385F006D56DA /* EditProfileView.swift */,
			);
			path = Views;
			sourceTree = "<group>";
		};
		80384EB62CA3C156005BDEA6 /* ViewControllers */ = {
			isa = PBXGroup;
			children = (
				034052C32CDC1421006D56DA /* StyleViewController.swift */,
				034052C72CDC1685006D56DA /* ShopViewController.swift */,
				034052CB2CDC16A7006D56DA /* SavedViewController.swift */,
				034052CD2CDC37E7006D56DA /* EditProfileViewController.swift */,
				034052C52CDC149C006D56DA /* BaseViewController.swift */,
				034052C12CDC13D2006D56DA /* HomeViewController.swift */,
				034052BF2CDC0EAC006D56DA /* MyPageViewController.swift */,
				80384EA02CA3C0AA005BDEA6 /* LoginViewController.swift */,
			);
			path = ViewControllers;
			sourceTree = "<group>";
		};
/* End PBXGroup section */

/* Begin PBXNativeTarget section */
		80384E982CA3C0AA005BDEA6 /* UMC-iOS-KREAM */ = {
			isa = PBXNativeTarget;
			buildConfigurationList = 80384EAD2CA3C0AC005BDEA6 /* Build configuration list for PBXNativeTarget "UMC-iOS-KREAM" */;
			buildPhases = (
				D3D73F66F84FE5DE5E54E0DD /* [CP] Check Pods Manifest.lock */,
				80384E952CA3C0AA005BDEA6 /* Sources */,
				80384E962CA3C0AA005BDEA6 /* Frameworks */,
				80384E972CA3C0AA005BDEA6 /* Resources */,
				B22FCF91C539F1ABF8F89626 /* [CP] Embed Pods Frameworks */,
			);
			buildRules = (
			);
			dependencies = (
			);
			fileSystemSynchronizedGroups = (
				034052D12CDC3990006D56DA /* Assets */,
				034052F62CDC42C6006D56DA /* Cell */,
			);
			name = "UMC-iOS-KREAM";
			productName = "UMC-iOS-KREAM";
			productReference = 80384E992CA3C0AA005BDEA6 /* UMC-iOS-KREAM.app */;
			productType = "com.apple.product-type.application";
		};
/* End PBXNativeTarget section */

/* Begin PBXProject section */
		80384E912CA3C0AA005BDEA6 /* Project object */ = {
			isa = PBXProject;
			attributes = {
				BuildIndependentTargetsInParallel = 1;
				LastSwiftUpdateCheck = 1540;
				LastUpgradeCheck = 1610;
				TargetAttributes = {
					80384E982CA3C0AA005BDEA6 = {
						CreatedOnToolsVersion = 15.4;
					};
				};
			};
			buildConfigurationList = 80384E942CA3C0AA005BDEA6 /* Build configuration list for PBXProject "UMC-iOS-KREAM" */;
			compatibilityVersion = "Xcode 14.0";
			developmentRegion = en;
			hasScannedForEncodings = 0;
			knownRegions = (
				en,
				Base,
			);
			mainGroup = 80384E902CA3C0AA005BDEA6;
			productRefGroup = 80384E9A2CA3C0AA005BDEA6 /* Products */;
			projectDirPath = "";
			projectRoot = "";
			targets = (
				80384E982CA3C0AA005BDEA6 /* UMC-iOS-KREAM */,
			);
		};
/* End PBXProject section */

/* Begin PBXResourcesBuildPhase section */
		80384E972CA3C0AA005BDEA6 /* Resources */ = {
			isa = PBXResourcesBuildPhase;
			buildActionMask = 2147483647;
			files = (
				80384EA62CA3C0AC005BDEA6 /* Assets.xcassets in Resources */,
			);
			runOnlyForDeploymentPostprocessing = 0;
		};
/* End PBXResourcesBuildPhase section */

/* Begin PBXShellScriptBuildPhase section */
		B22FCF91C539F1ABF8F89626 /* [CP] Embed Pods Frameworks */ = {
			isa = PBXShellScriptBuildPhase;
			buildActionMask = 2147483647;
			files = (
			);
			inputFileListPaths = (
				"${PODS_ROOT}/Target Support Files/Pods-UMC-iOS-KREAM/Pods-UMC-iOS-KREAM-frameworks-${CONFIGURATION}-input-files.xcfilelist",
			);
			name = "[CP] Embed Pods Frameworks";
			outputFileListPaths = (
				"${PODS_ROOT}/Target Support Files/Pods-UMC-iOS-KREAM/Pods-UMC-iOS-KREAM-frameworks-${CONFIGURATION}-output-files.xcfilelist",
			);
			runOnlyForDeploymentPostprocessing = 0;
			shellPath = /bin/sh;
			shellScript = "\"${PODS_ROOT}/Target Support Files/Pods-UMC-iOS-KREAM/Pods-UMC-iOS-KREAM-frameworks.sh\"\n";
			showEnvVarsInLog = 0;
		};
		D3D73F66F84FE5DE5E54E0DD /* [CP] Check Pods Manifest.lock */ = {
			isa = PBXShellScriptBuildPhase;
			buildActionMask = 2147483647;
			files = (
			);
			inputFileListPaths = (
			);
			inputPaths = (
				"${PODS_PODFILE_DIR_PATH}/Podfile.lock",
				"${PODS_ROOT}/Manifest.lock",
			);
			name = "[CP] Check Pods Manifest.lock";
			outputFileListPaths = (
			);
			outputPaths = (
				"$(DERIVED_FILE_DIR)/Pods-UMC-iOS-KREAM-checkManifestLockResult.txt",
			);
			runOnlyForDeploymentPostprocessing = 0;
			shellPath = /bin/sh;
			shellScript = "diff \"${PODS_PODFILE_DIR_PATH}/Podfile.lock\" \"${PODS_ROOT}/Manifest.lock\" > /dev/null\nif [ $? != 0 ] ; then\n    # print error to STDERR\n    echo \"error: The sandbox is not in sync with the Podfile.lock. Run 'pod install' or update your CocoaPods installation.\" >&2\n    exit 1\nfi\n# This output is used by Xcode 'outputs' to avoid re-running this script phase.\necho \"SUCCESS\" > \"${SCRIPT_OUTPUT_FILE_0}\"\n";
			showEnvVarsInLog = 0;
		};
/* End PBXShellScriptBuildPhase section */

/* Begin PBXSourcesBuildPhase section */
		80384E952CA3C0AA005BDEA6 /* Sources */ = {
			isa = PBXSourcesBuildPhase;
			buildActionMask = 2147483647;
			files = (
				80384EA12CA3C0AA005BDEA6 /* LoginViewController.swift in Sources */,
				80384EB22CA3C11E005BDEA6 /* LoginModel.swift in Sources */,
				034052C02CDC0EB3006D56DA /* MyPageViewController.swift in Sources */,
				034052C42CDC1429006D56DA /* StyleViewController.swift in Sources */,
				034052C82CDC1685006D56DA /* ShopViewController.swift in Sources */,
				034052D02CDC385F006D56DA /* EditProfileView.swift in Sources */,
				80384E9D2CA3C0AA005BDEA6 /* AppDelegate.swift in Sources */,
				80384EB52CA3C14D005BDEA6 /* LoginView.swift in Sources */,
				034052CE2CDC37E7006D56DA /* EditProfileViewController.swift in Sources */,
				034052FB2CDC4310006D56DA /* GoodsModel.swift in Sources */,
				80384E9F2CA3C0AA005BDEA6 /* SceneDelegate.swift in Sources */,
				034052CC2CDC16A7006D56DA /* SavedViewController.swift in Sources */,
				034052C22CDC13DB006D56DA /* HomeViewController.swift in Sources */,
				034052C62CDC149C006D56DA /* BaseViewController.swift in Sources */,
				034052BE2CDC060A006D56DA /* MyPageView.swift in Sources */,
				034052F52CDC4277006D56DA /* SavedView.swift in Sources */,
			);
			runOnlyForDeploymentPostprocessing = 0;
		};
/* End PBXSourcesBuildPhase section */

/* Begin XCBuildConfiguration section */
		80384EAB2CA3C0AC005BDEA6 /* Debug */ = {
			isa = XCBuildConfiguration;
			buildSettings = {
				ALWAYS_SEARCH_USER_PATHS = NO;
				ASSETCATALOG_COMPILER_GENERATE_SWIFT_ASSET_SYMBOL_EXTENSIONS = YES;
				CLANG_ANALYZER_NONNULL = YES;
				CLANG_ANALYZER_NUMBER_OBJECT_CONVERSION = YES_AGGRESSIVE;
				CLANG_CXX_LANGUAGE_STANDARD = "gnu++20";
				CLANG_ENABLE_MODULES = YES;
				CLANG_ENABLE_OBJC_ARC = YES;
				CLANG_ENABLE_OBJC_WEAK = YES;
				CLANG_WARN_BLOCK_CAPTURE_AUTORELEASING = YES;
				CLANG_WARN_BOOL_CONVERSION = YES;
				CLANG_WARN_COMMA = YES;
				CLANG_WARN_CONSTANT_CONVERSION = YES;
				CLANG_WARN_DEPRECATED_OBJC_IMPLEMENTATIONS = YES;
				CLANG_WARN_DIRECT_OBJC_ISA_USAGE = YES_ERROR;
				CLANG_WARN_DOCUMENTATION_COMMENTS = YES;
				CLANG_WARN_EMPTY_BODY = YES;
				CLANG_WARN_ENUM_CONVERSION = YES;
				CLANG_WARN_INFINITE_RECURSION = YES;
				CLANG_WARN_INT_CONVERSION = YES;
				CLANG_WARN_NON_LITERAL_NULL_CONVERSION = YES;
				CLANG_WARN_OBJC_IMPLICIT_RETAIN_SELF = YES;
				CLANG_WARN_OBJC_LITERAL_CONVERSION = YES;
				CLANG_WARN_OBJC_ROOT_CLASS = YES_ERROR;
				CLANG_WARN_QUOTED_INCLUDE_IN_FRAMEWORK_HEADER = YES;
				CLANG_WARN_RANGE_LOOP_ANALYSIS = YES;
				CLANG_WARN_STRICT_PROTOTYPES = YES;
				CLANG_WARN_SUSPICIOUS_MOVE = YES;
				CLANG_WARN_UNGUARDED_AVAILABILITY = YES_AGGRESSIVE;
				CLANG_WARN_UNREACHABLE_CODE = YES;
				CLANG_WARN__DUPLICATE_METHOD_MATCH = YES;
				COPY_PHASE_STRIP = NO;
				DEBUG_INFORMATION_FORMAT = dwarf;
				ENABLE_STRICT_OBJC_MSGSEND = YES;
				ENABLE_TESTABILITY = YES;
				ENABLE_USER_SCRIPT_SANDBOXING = YES;
				GCC_C_LANGUAGE_STANDARD = gnu17;
				GCC_DYNAMIC_NO_PIC = NO;
				GCC_NO_COMMON_BLOCKS = YES;
				GCC_OPTIMIZATION_LEVEL = 0;
				GCC_PREPROCESSOR_DEFINITIONS = (
					"DEBUG=1",
					"$(inherited)",
				);
				GCC_WARN_64_TO_32_BIT_CONVERSION = YES;
				GCC_WARN_ABOUT_RETURN_TYPE = YES_ERROR;
				GCC_WARN_UNDECLARED_SELECTOR = YES;
				GCC_WARN_UNINITIALIZED_AUTOS = YES_AGGRESSIVE;
				GCC_WARN_UNUSED_FUNCTION = YES;
				GCC_WARN_UNUSED_VARIABLE = YES;
				IPHONEOS_DEPLOYMENT_TARGET = 17.5;
				LOCALIZATION_PREFERS_STRING_CATALOGS = YES;
				MTL_ENABLE_DEBUG_INFO = INCLUDE_SOURCE;
				MTL_FAST_MATH = YES;
				ONLY_ACTIVE_ARCH = YES;
				SDKROOT = iphoneos;
				SWIFT_ACTIVE_COMPILATION_CONDITIONS = "DEBUG $(inherited)";
				SWIFT_OPTIMIZATION_LEVEL = "-Onone";
			};
			name = Debug;
		};
		80384EAC2CA3C0AC005BDEA6 /* Release */ = {
			isa = XCBuildConfiguration;
			buildSettings = {
				ALWAYS_SEARCH_USER_PATHS = NO;
				ASSETCATALOG_COMPILER_GENERATE_SWIFT_ASSET_SYMBOL_EXTENSIONS = YES;
				CLANG_ANALYZER_NONNULL = YES;
				CLANG_ANALYZER_NUMBER_OBJECT_CONVERSION = YES_AGGRESSIVE;
				CLANG_CXX_LANGUAGE_STANDARD = "gnu++20";
				CLANG_ENABLE_MODULES = YES;
				CLANG_ENABLE_OBJC_ARC = YES;
				CLANG_ENABLE_OBJC_WEAK = YES;
				CLANG_WARN_BLOCK_CAPTURE_AUTORELEASING = YES;
				CLANG_WARN_BOOL_CONVERSION = YES;
				CLANG_WARN_COMMA = YES;
				CLANG_WARN_CONSTANT_CONVERSION = YES;
				CLANG_WARN_DEPRECATED_OBJC_IMPLEMENTATIONS = YES;
				CLANG_WARN_DIRECT_OBJC_ISA_USAGE = YES_ERROR;
				CLANG_WARN_DOCUMENTATION_COMMENTS = YES;
				CLANG_WARN_EMPTY_BODY = YES;
				CLANG_WARN_ENUM_CONVERSION = YES;
				CLANG_WARN_INFINITE_RECURSION = YES;
				CLANG_WARN_INT_CONVERSION = YES;
				CLANG_WARN_NON_LITERAL_NULL_CONVERSION = YES;
				CLANG_WARN_OBJC_IMPLICIT_RETAIN_SELF = YES;
				CLANG_WARN_OBJC_LITERAL_CONVERSION = YES;
				CLANG_WARN_OBJC_ROOT_CLASS = YES_ERROR;
				CLANG_WARN_QUOTED_INCLUDE_IN_FRAMEWORK_HEADER = YES;
				CLANG_WARN_RANGE_LOOP_ANALYSIS = YES;
				CLANG_WARN_STRICT_PROTOTYPES = YES;
				CLANG_WARN_SUSPICIOUS_MOVE = YES;
				CLANG_WARN_UNGUARDED_AVAILABILITY = YES_AGGRESSIVE;
				CLANG_WARN_UNREACHABLE_CODE = YES;
				CLANG_WARN__DUPLICATE_METHOD_MATCH = YES;
				COPY_PHASE_STRIP = NO;
				DEBUG_INFORMATION_FORMAT = "dwarf-with-dsym";
				ENABLE_NS_ASSERTIONS = NO;
				ENABLE_STRICT_OBJC_MSGSEND = YES;
				ENABLE_USER_SCRIPT_SANDBOXING = YES;
				GCC_C_LANGUAGE_STANDARD = gnu17;
				GCC_NO_COMMON_BLOCKS = YES;
				GCC_WARN_64_TO_32_BIT_CONVERSION = YES;
				GCC_WARN_ABOUT_RETURN_TYPE = YES_ERROR;
				GCC_WARN_UNDECLARED_SELECTOR = YES;
				GCC_WARN_UNINITIALIZED_AUTOS = YES_AGGRESSIVE;
				GCC_WARN_UNUSED_FUNCTION = YES;
				GCC_WARN_UNUSED_VARIABLE = YES;
				IPHONEOS_DEPLOYMENT_TARGET = 17.5;
				LOCALIZATION_PREFERS_STRING_CATALOGS = YES;
				MTL_ENABLE_DEBUG_INFO = NO;
				MTL_FAST_MATH = YES;
				SDKROOT = iphoneos;
				SWIFT_COMPILATION_MODE = wholemodule;
				VALIDATE_PRODUCT = YES;
			};
			name = Release;
		};
		80384EAE2CA3C0AC005BDEA6 /* Debug */ = {
			isa = XCBuildConfiguration;
			baseConfigurationReference = DEDAB33EE06DB7FCD65B803F /* Pods-UMC-iOS-KREAM.debug.xcconfig */;
			buildSettings = {
				ASSETCATALOG_COMPILER_APPICON_NAME = AppIcon;
				ASSETCATALOG_COMPILER_GLOBAL_ACCENT_COLOR_NAME = AccentColor;
				CODE_SIGN_STYLE = Automatic;
				CURRENT_PROJECT_VERSION = 1;
				ENABLE_USER_SCRIPT_SANDBOXING = NO;
				GENERATE_INFOPLIST_FILE = YES;
				INFOPLIST_FILE = "UMC-iOS-KREAM/Info.plist";
				INFOPLIST_KEY_UIApplicationSupportsIndirectInputEvents = YES;
				INFOPLIST_KEY_UILaunchStoryboardName = LaunchScreen;
				INFOPLIST_KEY_UISupportedInterfaceOrientations_iPad = "UIInterfaceOrientationPortrait UIInterfaceOrientationPortraitUpsideDown UIInterfaceOrientationLandscapeLeft UIInterfaceOrientationLandscapeRight";
				INFOPLIST_KEY_UISupportedInterfaceOrientations_iPhone = "UIInterfaceOrientationPortrait UIInterfaceOrientationLandscapeLeft UIInterfaceOrientationLandscapeRight";
				LD_RUNPATH_SEARCH_PATHS = (
					"$(inherited)",
					"@executable_path/Frameworks",
				);
				MARKETING_VERSION = 1.0;
				PRODUCT_BUNDLE_IDENTIFIER = "com.seo1v.UMC-iOS-KREAM";
				PRODUCT_NAME = "$(TARGET_NAME)";
				SWIFT_EMIT_LOC_STRINGS = YES;
				SWIFT_VERSION = 5.0;
				TARGETED_DEVICE_FAMILY = "1,2";
			};
			name = Debug;
		};
		80384EAF2CA3C0AC005BDEA6 /* Release */ = {
			isa = XCBuildConfiguration;
			baseConfigurationReference = 0DE193E42E13CE78EA532668 /* Pods-UMC-iOS-KREAM.release.xcconfig */;
			buildSettings = {
				ASSETCATALOG_COMPILER_APPICON_NAME = AppIcon;
				ASSETCATALOG_COMPILER_GLOBAL_ACCENT_COLOR_NAME = AccentColor;
				CODE_SIGN_STYLE = Automatic;
				CURRENT_PROJECT_VERSION = 1;
				ENABLE_USER_SCRIPT_SANDBOXING = NO;
				GENERATE_INFOPLIST_FILE = YES;
				INFOPLIST_FILE = "UMC-iOS-KREAM/Info.plist";
				INFOPLIST_KEY_UIApplicationSupportsIndirectInputEvents = YES;
				INFOPLIST_KEY_UILaunchStoryboardName = LaunchScreen;
				INFOPLIST_KEY_UISupportedInterfaceOrientations_iPad = "UIInterfaceOrientationPortrait UIInterfaceOrientationPortraitUpsideDown UIInterfaceOrientationLandscapeLeft UIInterfaceOrientationLandscapeRight";
				INFOPLIST_KEY_UISupportedInterfaceOrientations_iPhone = "UIInterfaceOrientationPortrait UIInterfaceOrientationLandscapeLeft UIInterfaceOrientationLandscapeRight";
				LD_RUNPATH_SEARCH_PATHS = (
					"$(inherited)",
					"@executable_path/Frameworks",
				);
				MARKETING_VERSION = 1.0;
				PRODUCT_BUNDLE_IDENTIFIER = "com.seo1v.UMC-iOS-KREAM";
				PRODUCT_NAME = "$(TARGET_NAME)";
				SWIFT_EMIT_LOC_STRINGS = YES;
				SWIFT_VERSION = 5.0;
				TARGETED_DEVICE_FAMILY = "1,2";
			};
			name = Release;
		};
/* End XCBuildConfiguration section */

/* Begin XCConfigurationList section */
		80384E942CA3C0AA005BDEA6 /* Build configuration list for PBXProject "UMC-iOS-KREAM" */ = {
			isa = XCConfigurationList;
			buildConfigurations = (
				80384EAB2CA3C0AC005BDEA6 /* Debug */,
				80384EAC2CA3C0AC005BDEA6 /* Release */,
			);
			defaultConfigurationIsVisible = 0;
			defaultConfigurationName = Release;
		};
		80384EAD2CA3C0AC005BDEA6 /* Build configuration list for PBXNativeTarget "UMC-iOS-KREAM" */ = {
			isa = XCConfigurationList;
			buildConfigurations = (
				80384EAE2CA3C0AC005BDEA6 /* Debug */,
				80384EAF2CA3C0AC005BDEA6 /* Release */,
			);
			defaultConfigurationIsVisible = 0;
			defaultConfigurationName = Release;
		};
/* End XCConfigurationList section */
	};
	rootObject = 80384E912CA3C0AA005BDEA6 /* Project object */;
}
